{
  "nodes": {
    "bstat": {
      "inputs": {
        "nixpkgs": "nixpkgs"
      },
      "locked": {
        "lastModified": 1723396777,
        "narHash": "sha256-YkEPsq4LZB6WK8BG61UE3P+bQaYGFGgzZ8XTJqIaVRI=",
        "owner": "niksingh710",
        "repo": "basic-battery-stat",
        "rev": "778b0720cb1b9c234a1979eff7f590ac2631ab42",
        "type": "github"
      },
      "original": {
        "owner": "niksingh710",
        "repo": "basic-battery-stat",
        "type": "github"
      }
    },
    "center-align": {
      "inputs": {
        "nixpkgs": "nixpkgs_2"
      },
      "locked": {
        "lastModified": 1717503694,
        "narHash": "sha256-8nd7+x25gyHH5q3u2tJCNI8e3HQFY//PzIjCpsE+Ymw=",
        "owner": "niksingh710",
        "repo": "center-align",
        "rev": "9f33cb814678827868485dbd8bf3c62653009c25",
        "type": "github"
      },
      "original": {
        "owner": "niksingh710",
        "repo": "center-align",
        "type": "github"
      }
    },
    "flake-compat": {
      "flake": false,
      "locked": {
        "lastModified": 1696426674,
        "narHash": "sha256-kvjfFW7WAETZlt09AgDn1MrtKzP7t90Vf7vypd3OL1U=",
        "owner": "edolstra",
        "repo": "flake-compat",
        "rev": "0f9255e01c2351cc7d116c072cb317785dd33b33",
        "type": "github"
      },
      "original": {
        "owner": "edolstra",
        "repo": "flake-compat",
        "type": "github"
      }
    },
    "flake-parts": {
      "inputs": {
        "nixpkgs-lib": "nixpkgs-lib"
      },
      "locked": {
        "lastModified": 1749398372,
        "narHash": "sha256-tYBdgS56eXYaWVW3fsnPQ/nFlgWi/Z2Ymhyu21zVM98=",
        "owner": "hercules-ci",
        "repo": "flake-parts",
        "rev": "9305fe4e5c2a6fcf5ba6a3ff155720fbe4076569",
        "type": "github"
      },
      "original": {
        "owner": "hercules-ci",
        "repo": "flake-parts",
        "type": "github"
      }
    },
    "git-hooks-nix": {
      "inputs": {
        "flake-compat": "flake-compat",
        "gitignore": "gitignore",
        "nixpkgs": [
          "nixpkgs"
        ]
      },
      "locked": {
        "lastModified": 1747372754,
        "narHash": "sha256-2Y53NGIX2vxfie1rOW0Qb86vjRZ7ngizoo+bnXU9D9k=",
        "owner": "cachix",
        "repo": "git-hooks.nix",
        "rev": "80479b6ec16fefd9c1db3ea13aeb038c60530f46",
        "type": "github"
      },
      "original": {
        "owner": "cachix",
        "repo": "git-hooks.nix",
        "type": "github"
      }
    },
    "gitignore": {
      "inputs": {
        "nixpkgs": [
          "git-hooks-nix",
          "nixpkgs"
        ]
      },
      "locked": {
        "lastModified": 1709087332,
        "narHash": "sha256-HG2cCnktfHsKV0s4XW83gU3F57gaTljL9KNSuG6bnQs=",
        "owner": "hercules-ci",
        "repo": "gitignore.nix",
        "rev": "637db329424fd7e46cf4185293b9cc8c88c95394",
        "type": "github"
      },
      "original": {
        "owner": "hercules-ci",
        "repo": "gitignore.nix",
        "type": "github"
      }
    },
    "networkmanager": {
      "inputs": {
        "nixpkgs": "nixpkgs_3"
      },
      "locked": {
        "lastModified": 1747415632,
        "narHash": "sha256-LOCU9RoxXprKBhh0kAcSauW6WhU4hQZfdKrRqMkZ2gM=",
        "owner": "firecat53",
        "repo": "networkmanager-dmenu",
        "rev": "d0629e70b15e2dbece032d7677d5f1b5eb59af8c",
        "type": "github"
      },
      "original": {
        "owner": "firecat53",
        "repo": "networkmanager-dmenu",
        "type": "github"
      }
    },
    "nixpkgs": {
      "locked": {
        "lastModified": 1723175592,
        "narHash": "sha256-M0xJ3FbDUc4fRZ84dPGx5VvgFsOzds77KiBMW/mMTnI=",
        "owner": "nixos",
        "repo": "nixpkgs",
        "rev": "5e0ca22929f3342b19569b21b2f3462f053e497b",
        "type": "github"
      },
      "original": {
        "owner": "nixos",
        "ref": "nixos-unstable",
        "repo": "nixpkgs",
        "type": "github"
      }
    },
    "nixpkgs-lib": {
      "locked": {
        "lastModified": 1748740939,
        "narHash": "sha256-rQaysilft1aVMwF14xIdGS3sj1yHlI6oKQNBRTF40cc=",
        "owner": "nix-community",
        "repo": "nixpkgs.lib",
        "rev": "656a64127e9d791a334452c6b6606d17539476e2",
        "type": "github"
      },
      "original": {
        "owner": "nix-community",
        "repo": "nixpkgs.lib",
        "type": "github"
      }
    },
    "nixpkgs_2": {
      "locked": {
        "lastModified": 1717196966,
        "narHash": "sha256-yZKhxVIKd2lsbOqYd5iDoUIwsRZFqE87smE2Vzf6Ck0=",
        "owner": "nixos",
        "repo": "nixpkgs",
        "rev": "57610d2f8f0937f39dbd72251e9614b1561942d8",
        "type": "github"
      },
      "original": {
        "owner": "nixos",
        "ref": "nixos-unstable",
        "repo": "nixpkgs",
        "type": "github"
      }
    },
    "nixpkgs_3": {
      "locked": {
        "lastModified": 1735563628,
        "narHash": "sha256-OnSAY7XDSx7CtDoqNh8jwVwh4xNL/2HaJxGjryLWzX8=",
        "owner": "nixos",
        "repo": "nixpkgs",
        "rev": "b134951a4c9f3c995fd7be05f3243f8ecd65d798",
        "type": "github"
      },
      "original": {
        "owner": "nixos",
        "ref": "nixos-24.05",
        "repo": "nixpkgs",
        "type": "github"
      }
    },
    "nixpkgs_4": {
      "locked": {
        "lastModified": 1749285348,
        "narHash": "sha256-frdhQvPbmDYaScPFiCnfdh3B/Vh81Uuoo0w5TkWmmjU=",
        "owner": "NixOS",
        "repo": "nixpkgs",
        "rev": "3e3afe5174c561dee0df6f2c2b2236990146329f",
        "type": "github"
      },
      "original": {
        "owner": "NixOS",
        "ref": "nixos-unstable",
        "repo": "nixpkgs",
        "type": "github"
      }
    },
    "root": {
      "inputs": {
        "bstat": "bstat",
        "center-align": "center-align",
        "flake-parts": "flake-parts",
        "git-hooks-nix": "git-hooks-nix",
        "networkmanager": "networkmanager",
        "nixpkgs": "nixpkgs_4"
      }
    }
  },
  "root": "root",
  "version": 7
}
